// !$*UTF8*$!
{
	archiveVersion = 1;
	classes = {
	};
	objectVersion = 46;
	objects = {

/* Begin PBXBuildFile section */
		5D9B884D1E56955600F57F84 /* main.m in Sources */ = {isa = PBXBuildFile; fileRef = 5D9B884C1E56955600F57F84 /* main.m */; };
		5D9B88501E56955600F57F84 /* AppDelegate.m in Sources */ = {isa = PBXBuildFile; fileRef = 5D9B884F1E56955600F57F84 /* AppDelegate.m */; };
		5D9B88531E56955600F57F84 /* ViewController.m in Sources */ = {isa = PBXBuildFile; fileRef = 5D9B88521E56955600F57F84 /* ViewController.m */; };
		5D9B88561E56955600F57F84 /* Main.storyboard in Resources */ = {isa = PBXBuildFile; fileRef = 5D9B88541E56955600F57F84 /* Main.storyboard */; };
		5D9B88581E56955600F57F84 /* Assets.xcassets in Resources */ = {isa = PBXBuildFile; fileRef = 5D9B88571E56955600F57F84 /* Assets.xcassets */; };
		5D9B885B1E56955600F57F84 /* LaunchScreen.storyboard in Resources */ = {isa = PBXBuildFile; fileRef = 5D9B88591E56955600F57F84 /* LaunchScreen.storyboard */; };
		5D9B88661E56955600F57F84 /* WTTipsHUDTests.m in Sources */ = {isa = PBXBuildFile; fileRef = 5D9B88651E56955600F57F84 /* WTTipsHUDTests.m */; };
		5D9B88711E56955600F57F84 /* WTTipsHUDUITests.m in Sources */ = {isa = PBXBuildFile; fileRef = 5D9B88701E56955600F57F84 /* WTTipsHUDUITests.m */; };
		5D9B88811E56958900F57F84 /* WTTipsHUD.m in Sources */ = {isa = PBXBuildFile; fileRef = 5D9B88801E56958900F57F84 /* WTTipsHUD.m */; };
		5D9B88831E56A3C700F57F84 /* maskImage.png in Resources */ = {isa = PBXBuildFile; fileRef = 5D9B88821E56A3C700F57F84 /* maskImage.png */; };
		5DB22A1E1E5A780800F7A8C0 /* success.png in Resources */ = {isa = PBXBuildFile; fileRef = 5DB22A1C1E5A780800F7A8C0 /* success.png */; };
		5DB22A1F1E5A780800F7A8C0 /* fail.png in Resources */ = {isa = PBXBuildFile; fileRef = 5DB22A1D1E5A780800F7A8C0 /* fail.png */; };
/* End PBXBuildFile section */

/* Begin PBXContainerItemProxy section */
		5D9B88621E56955600F57F84 /* PBXContainerItemProxy */ = {
			isa = PBXContainerItemProxy;
			containerPortal = 5D9B88401E56955600F57F84 /* Project object */;
			proxyType = 1;
			remoteGlobalIDString = 5D9B88471E56955600F57F84;
			remoteInfo = WTTipsHUD;
		};
		5D9B886D1E56955600F57F84 /* PBXContainerItemProxy */ = {
			isa = PBXContainerItemProxy;
			containerPortal = 5D9B88401E56955600F57F84 /* Project object */;
			proxyType = 1;
			remoteGlobalIDString = 5D9B88471E56955600F57F84;
			remoteInfo = WTTipsHUD;
		};
/* End PBXContainerItemProxy section */

/* Begin PBXFileReference section */
		5D9B88481E56955600F57F84 /* WTTipsHUD.app */ = {isa = PBXFileReference; explicitFileType = wrapper.application; includeInIndex = 0; path = WTTipsHUD.app; sourceTree = BUILT_PRODUCTS_DIR; };
		5D9B884C1E56955600F57F84 /* main.m */ = {isa = PBXFileReference; lastKnownFileType = sourcecode.c.objc; path = main.m; sourceTree = "<group>"; };
		5D9B884E1E56955600F57F84 /* AppDelegate.h */ = {isa = PBXFileReference; lastKnownFileType = sourcecode.c.h; path = AppDelegate.h; sourceTree = "<group>"; };
		5D9B884F1E56955600F57F84 /* AppDelegate.m */ = {isa = PBXFileReference; lastKnownFileType = sourcecode.c.objc; path = AppDelegate.m; sourceTree = "<group>"; };
		5D9B88511E56955600F57F84 /* ViewController.h */ = {isa = PBXFileReference; lastKnownFileType = sourcecode.c.h; path = ViewController.h; sourceTree = "<group>"; };
		5D9B88521E56955600F57F84 /* ViewController.m */ = {isa = PBXFileReference; lastKnownFileType = sourcecode.c.objc; path = ViewController.m; sourceTree = "<group>"; };
		5D9B88551E56955600F57F84 /* Base */ = {isa = PBXFileReference; lastKnownFileType = file.storyboard; name = Base; path = Base.lproj/Main.storyboard; sourceTree = "<group>"; };
		5D9B88571E56955600F57F84 /* Assets.xcassets */ = {isa = PBXFileReference; lastKnownFileType = folder.assetcatalog; path = Assets.xcassets; sourceTree = "<group>"; };
		5D9B885A1E56955600F57F84 /* Base */ = {isa = PBXFileReference; lastKnownFileType = file.storyboard; name = Base; path = Base.lproj/LaunchScreen.storyboard; sourceTree = "<group>"; };
		5D9B885C1E56955600F57F84 /* Info.plist */ = {isa = PBXFileReference; lastKnownFileType = text.plist.xml; path = Info.plist; sourceTree = "<group>"; };
		5D9B88611E56955600F57F84 /* WTTipsHUDTests.xctest */ = {isa = PBXFileReference; explicitFileType = wrapper.cfbundle; includeInIndex = 0; path = WTTipsHUDTests.xctest; sourceTree = BUILT_PRODUCTS_DIR; };
		5D9B88651E56955600F57F84 /* WTTipsHUDTests.m */ = {isa = PBXFileReference; lastKnownFileType = sourcecode.c.objc; path = WTTipsHUDTests.m; sourceTree = "<group>"; };
		5D9B88671E56955600F57F84 /* Info.plist */ = {isa = PBXFileReference; lastKnownFileType = text.plist.xml; path = Info.plist; sourceTree = "<group>"; };
		5D9B886C1E56955600F57F84 /* WTTipsHUDUITests.xctest */ = {isa = PBXFileReference; explicitFileType = wrapper.cfbundle; includeInIndex = 0; path = WTTipsHUDUITests.xctest; sourceTree = BUILT_PRODUCTS_DIR; };
		5D9B88701E56955600F57F84 /* WTTipsHUDUITests.m */ = {isa = PBXFileReference; lastKnownFileType = sourcecode.c.objc; path = WTTipsHUDUITests.m; sourceTree = "<group>"; };
		5D9B88721E56955600F57F84 /* Info.plist */ = {isa = PBXFileReference; lastKnownFileType = text.plist.xml; path = Info.plist; sourceTree = "<group>"; };
		5D9B887F1E56958900F57F84 /* WTTipsHUD.h */ = {isa = PBXFileReference; fileEncoding = 4; lastKnownFileType = sourcecode.c.h; path = WTTipsHUD.h; sourceTree = "<group>"; };
		5D9B88801E56958900F57F84 /* WTTipsHUD.m */ = {isa = PBXFileReference; fileEncoding = 4; lastKnownFileType = sourcecode.c.objc; path = WTTipsHUD.m; sourceTree = "<group>"; };
		5D9B88821E56A3C700F57F84 /* maskImage.png */ = {isa = PBXFileReference; lastKnownFileType = image.png; path = maskImage.png; sourceTree = "<group>"; };
		5DB22A1C1E5A780800F7A8C0 /* success.png */ = {isa = PBXFileReference; lastKnownFileType = image.png; path = success.png; sourceTree = "<group>"; };
		5DB22A1D1E5A780800F7A8C0 /* fail.png */ = {isa = PBXFileReference; lastKnownFileType = image.png; path = fail.png; sourceTree = "<group>"; };
/* End PBXFileReference section */

/* Begin PBXFrameworksBuildPhase section */
		5D9B88451E56955600F57F84 /* Frameworks */ = {
			isa = PBXFrameworksBuildPhase;
			buildActionMask = 2147483647;
			files = (
			);
			runOnlyForDeploymentPostprocessing = 0;
		};
		5D9B885E1E56955600F57F84 /* Frameworks */ = {
			isa = PBXFrameworksBuildPhase;
			buildActionMask = 2147483647;
			files = (
			);
			runOnlyForDeploymentPostprocessing = 0;
		};
		5D9B88691E56955600F57F84 /* Frameworks */ = {
			isa = PBXFrameworksBuildPhase;
			buildActionMask = 2147483647;
			files = (
			);
			runOnlyForDeploymentPostprocessing = 0;
		};
/* End PBXFrameworksBuildPhase section */

/* Begin PBXGroup section */
		5D9B883F1E56955600F57F84 = {
			isa = PBXGroup;
			children = (
				5D9B884A1E56955600F57F84 /* WTTipsHUD */,
				5D9B88641E56955600F57F84 /* WTTipsHUDTests */,
				5D9B886F1E56955600F57F84 /* WTTipsHUDUITests */,
				5D9B88491E56955600F57F84 /* Products */,
			);
			sourceTree = "<group>";
		};
		5D9B88491E56955600F57F84 /* Products */ = {
			isa = PBXGroup;
			children = (
				5D9B88481E56955600F57F84 /* WTTipsHUD.app */,
				5D9B88611E56955600F57F84 /* WTTipsHUDTests.xctest */,
				5D9B886C1E56955600F57F84 /* WTTipsHUDUITests.xctest */,
			);
			name = Products;
			sourceTree = "<group>";
		};
		5D9B884A1E56955600F57F84 /* WTTipsHUD */ = {
			isa = PBXGroup;
			children = (
				5D9B887E1E56957100F57F84 /* WTTipsHUD */,
				5D9B884E1E56955600F57F84 /* AppDelegate.h */,
				5D9B884F1E56955600F57F84 /* AppDelegate.m */,
				5D9B88511E56955600F57F84 /* ViewController.h */,
				5D9B88521E56955600F57F84 /* ViewController.m */,
				5D9B88541E56955600F57F84 /* Main.storyboard */,
				5D9B88571E56955600F57F84 /* Assets.xcassets */,
				5D9B88591E56955600F57F84 /* LaunchScreen.storyboard */,
				5D9B885C1E56955600F57F84 /* Info.plist */,
				5D9B884B1E56955600F57F84 /* Supporting Files */,
			);
			path = WTTipsHUD;
			sourceTree = "<group>";
		};
		5D9B884B1E56955600F57F84 /* Supporting Files */ = {
			isa = PBXGroup;
			children = (
				5D9B884C1E56955600F57F84 /* main.m */,
			);
			name = "Supporting Files";
			sourceTree = "<group>";
		};
		5D9B88641E56955600F57F84 /* WTTipsHUDTests */ = {
			isa = PBXGroup;
			children = (
				5D9B88651E56955600F57F84 /* WTTipsHUDTests.m */,
				5D9B88671E56955600F57F84 /* Info.plist */,
			);
			path = WTTipsHUDTests;
			sourceTree = "<group>";
		};
		5D9B886F1E56955600F57F84 /* WTTipsHUDUITests */ = {
			isa = PBXGroup;
			children = (
				5D9B88701E56955600F57F84 /* WTTipsHUDUITests.m */,
				5D9B88721E56955600F57F84 /* Info.plist */,
			);
			path = WTTipsHUDUITests;
			sourceTree = "<group>";
		};
		5D9B887E1E56957100F57F84 /* WTTipsHUD */ = {
			isa = PBXGroup;
			children = (
				5DB22A1C1E5A780800F7A8C0 /* success.png */,
				5DB22A1D1E5A780800F7A8C0 /* fail.png */,
				5D9B88821E56A3C700F57F84 /* maskImage.png */,
				5D9B887F1E56958900F57F84 /* WTTipsHUD.h */,
				5D9B88801E56958900F57F84 /* WTTipsHUD.m */,
			);
			path = WTTipsHUD;
			sourceTree = "<group>";
		};
/* End PBXGroup section */

/* Begin PBXNativeTarget section */
		5D9B88471E56955600F57F84 /* WTTipsHUD */ = {
			isa = PBXNativeTarget;
			buildConfigurationList = 5D9B88751E56955600F57F84 /* Build configuration list for PBXNativeTarget "WTTipsHUD" */;
			buildPhases = (
				5D9B88441E56955600F57F84 /* Sources */,
				5D9B88451E56955600F57F84 /* Frameworks */,
				5D9B88461E56955600F57F84 /* Resources */,
			);
			buildRules = (
			);
			dependencies = (
			);
			name = WTTipsHUD;
			productName = WTTipsHUD;
			productReference = 5D9B88481E56955600F57F84 /* WTTipsHUD.app */;
			productType = "com.apple.product-type.application";
		};
		5D9B88601E56955600F57F84 /* WTTipsHUDTests */ = {
			isa = PBXNativeTarget;
			buildConfigurationList = 5D9B88781E56955600F57F84 /* Build configuration list for PBXNativeTarget "WTTipsHUDTests" */;
			buildPhases = (
				5D9B885D1E56955600F57F84 /* Sources */,
				5D9B885E1E56955600F57F84 /* Frameworks */,
				5D9B885F1E56955600F57F84 /* Resources */,
			);
			buildRules = (
			);
			dependencies = (
				5D9B88631E56955600F57F84 /* PBXTargetDependency */,
			);
			name = WTTipsHUDTests;
			productName = WTTipsHUDTests;
			productReference = 5D9B88611E56955600F57F84 /* WTTipsHUDTests.xctest */;
			productType = "com.apple.product-type.bundle.unit-test";
		};
		5D9B886B1E56955600F57F84 /* WTTipsHUDUITests */ = {
			isa = PBXNativeTarget;
			buildConfigurationList = 5D9B887B1E56955600F57F84 /* Build configuration list for PBXNativeTarget "WTTipsHUDUITests" */;
			buildPhases = (
				5D9B88681E56955600F57F84 /* Sources */,
				5D9B88691E56955600F57F84 /* Frameworks */,
				5D9B886A1E56955600F57F84 /* Resources */,
			);
			buildRules = (
			);
			dependencies = (
				5D9B886E1E56955600F57F84 /* PBXTargetDependency */,
			);
			name = WTTipsHUDUITests;
			productName = WTTipsHUDUITests;
			productReference = 5D9B886C1E56955600F57F84 /* WTTipsHUDUITests.xctest */;
			productType = "com.apple.product-type.bundle.ui-testing";
		};
/* End PBXNativeTarget section */

/* Begin PBXProject section */
		5D9B88401E56955600F57F84 /* Project object */ = {
			isa = PBXProject;
			attributes = {
				LastUpgradeCheck = 0820;
				ORGANIZATIONNAME = Dwt;
				TargetAttributes = {
					5D9B88471E56955600F57F84 = {
						CreatedOnToolsVersion = 8.2.1;
						ProvisioningStyle = Automatic;
					};
					5D9B88601E56955600F57F84 = {
						CreatedOnToolsVersion = 8.2.1;
						ProvisioningStyle = Automatic;
						TestTargetID = 5D9B88471E56955600F57F84;
					};
					5D9B886B1E56955600F57F84 = {
						CreatedOnToolsVersion = 8.2.1;
						ProvisioningStyle = Automatic;
						TestTargetID = 5D9B88471E56955600F57F84;
					};
				};
			};
			buildConfigurationList = 5D9B88431E56955600F57F84 /* Build configuration list for PBXProject "WTTipsHUD" */;
			compatibilityVersion = "Xcode 3.2";
			developmentRegion = English;
			hasScannedForEncodings = 0;
			knownRegions = (
				en,
				Base,
			);
			mainGroup = 5D9B883F1E56955600F57F84;
			productRefGroup = 5D9B88491E56955600F57F84 /* Products */;
			projectDirPath = "";
			projectRoot = "";
			targets = (
				5D9B88471E56955600F57F84 /* WTTipsHUD */,
				5D9B88601E56955600F57F84 /* WTTipsHUDTests */,
				5D9B886B1E56955600F57F84 /* WTTipsHUDUITests */,
			);
		};
/* End PBXProject section */

/* Begin PBXResourcesBuildPhase section */
		5D9B88461E56955600F57F84 /* Resources */ = {
			isa = PBXResourcesBuildPhase;
			buildActionMask = 2147483647;
			files = (
				5D9B885B1E56955600F57F84 /* LaunchScreen.storyboard in Resources */,
				5DB22A1E1E5A780800F7A8C0 /* success.png in Resources */,
				5D9B88581E56955600F57F84 /* Assets.xcassets in Resources */,
				5D9B88561E56955600F57F84 /* Main.storyboard in Resources */,
				5DB22A1F1E5A780800F7A8C0 /* fail.png in Resources */,
				5D9B88831E56A3C700F57F84 /* maskImage.png in Resources */,
			);
			runOnlyForDeploymentPostprocessing = 0;
		};
		5D9B885F1E56955600F57F84 /* Resources */ = {
			isa = PBXResourcesBuildPhase;
			buildActionMask = 2147483647;
			files = (
			);
			runOnlyForDeploymentPostprocessing = 0;
		};
		5D9B886A1E56955600F57F84 /* Resources */ = {
			isa = PBXResourcesBuildPhase;
			buildActionMask = 2147483647;
			files = (
			);
			runOnlyForDeploymentPostprocessing = 0;
		};
/* End PBXResourcesBuildPhase section */

/* Begin PBXSourcesBuildPhase section */
		5D9B88441E56955600F57F84 /* Sources */ = {
			isa = PBXSourcesBuildPhase;
			buildActionMask = 2147483647;
			files = (
				5D9B88531E56955600F57F84 /* ViewController.m in Sources */,
				5D9B88501E56955600F57F84 /* AppDelegate.m in Sources */,
				5D9B88811E56958900F57F84 /* WTTipsHUD.m in Sources */,
				5D9B884D1E56955600F57F84 /* main.m in Sources */,
			);
			runOnlyForDeploymentPostprocessing = 0;
		};
		5D9B885D1E56955600F57F84 /* Sources */ = {
			isa = PBXSourcesBuildPhase;
			buildActionMask = 2147483647;
			files = (
				5D9B88661E56955600F57F84 /* WTTipsHUDTests.m in Sources */,
			);
			runOnlyForDeploymentPostprocessing = 0;
		};
		5D9B88681E56955600F57F84 /* Sources */ = {
			isa = PBXSourcesBuildPhase;
			buildActionMask = 2147483647;
			files = (
				5D9B88711E56955600F57F84 /* WTTipsHUDUITests.m in Sources */,
			);
			runOnlyForDeploymentPostprocessing = 0;
		};
/* End PBXSourcesBuildPhase section */

/* Begin PBXTargetDependency section */
		5D9B88631E56955600F57F84 /* PBXTargetDependency */ = {
			isa = PBXTargetDependency;
			target = 5D9B88471E56955600F57F84 /* WTTipsHUD */;
			targetProxy = 5D9B88621E56955600F57F84 /* PBXContainerItemProxy */;
		};
		5D9B886E1E56955600F57F84 /* PBXTargetDependency */ = {
			isa = PBXTargetDependency;
			target = 5D9B88471E56955600F57F84 /* WTTipsHUD */;
			targetProxy = 5D9B886D1E56955600F57F84 /* PBXContainerItemProxy */;
		};
/* End PBXTargetDependency section */

/* Begin PBXVariantGroup section */
		5D9B88541E56955600F57F84 /* Main.storyboard */ = {
			isa = PBXVariantGroup;
			children = (
				5D9B88551E56955600F57F84 /* Base */,
			);
			name = Main.storyboard;
			sourceTree = "<group>";
		};
		5D9B88591E56955600F57F84 /* LaunchScreen.storyboard */ = {
			isa = PBXVariantGroup;
			children = (
				5D9B885A1E56955600F57F84 /* Base */,
			);
			name = LaunchScreen.storyboard;
			sourceTree = "<group>";
		};
/* End PBXVariantGroup section */

/* Begin XCBuildConfiguration section */
		5D9B88731E56955600F57F84 /* Debug */ = {
			isa = XCBuildConfiguration;
			buildSettings = {
				ALWAYS_SEARCH_USER_PATHS = NO;
				CLANG_ANALYZER_NONNULL = YES;
				CLANG_CXX_LANGUAGE_STANDARD = "gnu++0x";
				CLANG_CXX_LIBRARY = "libc++";
				CLANG_ENABLE_MODULES = YES;
				CLANG_ENABLE_OBJC_ARC = YES;
				CLANG_WARN_BOOL_CONVERSION = YES;
				CLANG_WARN_CONSTANT_CONVERSION = YES;
				CLANG_WARN_DIRECT_OBJC_ISA_USAGE = YES_ERROR;
				CLANG_WARN_DOCUMENTATION_COMMENTS = YES;
				CLANG_WARN_EMPTY_BODY = YES;
				CLANG_WARN_ENUM_CONVERSION = YES;
				CLANG_WARN_INFINITE_RECURSION = YES;
				CLANG_WARN_INT_CONVERSION = YES;
				CLANG_WARN_OBJC_ROOT_CLASS = YES_ERROR;
				CLANG_WARN_SUSPICIOUS_MOVE = YES;
				CLANG_WARN_UNREACHABLE_CODE = YES;
				CLANG_WARN__DUPLICATE_METHOD_MATCH = YES;
				"CODE_SIGN_IDENTITY[sdk=iphoneos*]" = "iPhone Developer";
				COPY_PHASE_STRIP = NO;
				DEBUG_INFORMATION_FORMAT = dwarf;
				ENABLE_STRICT_OBJC_MSGSEND = YES;
				ENABLE_TESTABILITY = YES;
				GCC_C_LANGUAGE_STANDARD = gnu99;
				GCC_DYNAMIC_NO_PIC = NO;
				GCC_NO_COMMON_BLOCKS = YES;
				GCC_OPTIMIZATION_LEVEL = 0;
				GCC_PREPROCESSOR_DEFINITIONS = (
					"DEBUG=1",
					"$(inherited)",
				);
				GCC_WARN_64_TO_32_BIT_CONVERSION = YES;
				GCC_WARN_ABOUT_RETURN_TYPE = YES_ERROR;
				GCC_WARN_UNDECLARED_SELECTOR = YES;
				GCC_WARN_UNINITIALIZED_AUTOS = YES_AGGRESSIVE;
				GCC_WARN_UNUSED_FUNCTION = YES;
				GCC_WARN_UNUSED_VARIABLE = YES;
				IPHONEOS_DEPLOYMENT_TARGET = 10.2;
				MTL_ENABLE_DEBUG_INFO = YES;
				ONLY_ACTIVE_ARCH = YES;
				SDKROOT = iphoneos;
			};
			name = Debug;
		};
		5D9B88741E56955600F57F84 /* Release */ = {
			isa = XCBuildConfiguration;
			buildSettings = {
				ALWAYS_SEARCH_USER_PATHS = NO;
				CLANG_ANALYZER_NONNULL = YES;
				CLANG_CXX_LANGUAGE_STANDARD = "gnu++0x";
				CLANG_CXX_LIBRARY = "libc++";
				CLANG_ENABLE_MODULES = YES;
				CLANG_ENABLE_OBJC_ARC = YES;
				CLANG_WARN_BOOL_CONVERSION = YES;
				CLANG_WARN_CONSTANT_CONVERSION = YES;
				CLANG_WARN_DIRECT_OBJC_ISA_USAGE = YES_ERROR;
				CLANG_WARN_DOCUMENTATION_COMMENTS = YES;
				CLANG_WARN_EMPTY_BODY = YES;
				CLANG_WARN_ENUM_CONVERSION = YES;
				CLANG_WARN_INFINITE_RECURSION = YES;
				CLANG_WARN_INT_CONVERSION = YES;
				CLANG_WARN_OBJC_ROOT_CLASS = YES_ERROR;
				CLANG_WARN_SUSPICIOUS_MOVE = YES;
				CLANG_WARN_UNREACHABLE_CODE = YES;
				CLANG_WARN__DUPLICATE_METHOD_MATCH = YES;
				"CODE_SIGN_IDENTITY[sdk=iphoneos*]" = "iPhone Developer";
				COPY_PHASE_STRIP = NO;
				DEBUG_INFORMATION_FORMAT = "dwarf-with-dsym";
				ENABLE_NS_ASSERTIONS = NO;
				ENABLE_STRICT_OBJC_MSGSEND = YES;
				GCC_C_LANGUAGE_STANDARD = gnu99;
				GCC_NO_COMMON_BLOCKS = YES;
				GCC_WARN_64_TO_32_BIT_CONVERSION = YES;
				GCC_WARN_ABOUT_RETURN_TYPE = YES_ERROR;
				GCC_WARN_UNDECLARED_SELECTOR = YES;
				GCC_WARN_UNINITIALIZED_AUTOS = YES_AGGRESSIVE;
				GCC_WARN_UNUSED_FUNCTION = YES;
				GCC_WARN_UNUSED_VARIABLE = YES;
				IPHONEOS_DEPLOYMENT_TARGET = 10.2;
				MTL_ENABLE_DEBUG_INFO = NO;
				SDKROOT = iphoneos;
				VALIDATE_PRODUCT = YES;
			};
			name = Release;
		};
		5D9B88761E56955600F57F84 /* Debug */ = {
			isa = XCBuildConfiguration;
			buildSettings = {
				ASSETCATALOG_COMPILER_APPICON_NAME = AppIcon;
				INFOPLIST_FILE = WTTipsHUD/Info.plist;
				LD_RUNPATH_SEARCH_PATHS = "$(inherited) @executable_path/Frameworks";
				PRODUCT_BUNDLE_IDENTIFIER = Dwt.WTTipsHUD;
				PRODUCT_NAME = "$(TARGET_NAME)";
			};
			name = Debug;
		};
		5D9B88771E56955600F57F84 /* Release */ = {
			isa = XCBuildConfiguration;
			buildSettings = {
				ASSETCATALOG_COMPILER_APPICON_NAME = AppIcon;
				INFOPLIST_FILE = WTTipsHUD/Info.plist;
				LD_RUNPATH_SEARCH_PATHS = "$(inherited) @executable_path/Frameworks";
				PRODUCT_BUNDLE_IDENTIFIER = Dwt.WTTipsHUD;
				PRODUCT_NAME = "$(TARGET_NAME)";
			};
			name = Release;
		};
		5D9B88791E56955600F57F84 /* Debug */ = {
			isa = XCBuildConfiguration;
			buildSettings = {
				BUNDLE_LOADER = "$(TEST_HOST)";
				INFOPLIST_FILE = WTTipsHUDTests/Info.plist;
				LD_RUNPATH_SEARCH_PATHS = "$(inherited) @executable_path/Frameworks @loader_path/Frameworks";
				PRODUCT_BUNDLE_IDENTIFIER = Dwt.WTTipsHUDTests;
				PRODUCT_NAME = "$(TARGET_NAME)";
				TEST_HOST = "$(BUILT_PRODUCTS_DIR)/WTTipsHUD.app/WTTipsHUD";
			};
			name = Debug;
		};
		5D9B887A1E56955600F57F84 /* Release */ = {
			isa = XCBuildConfiguration;
			buildSettings = {
				BUNDLE_LOADER = "$(TEST_HOST)";
				INFOPLIST_FILE = WTTipsHUDTests/Info.plist;
				LD_RUNPATH_SEARCH_PATHS = "$(inherited) @executable_path/Frameworks @loader_path/Frameworks";
				PRODUCT_BUNDLE_IDENTIFIER = Dwt.WTTipsHUDTests;
				PRODUCT_NAME = "$(TARGET_NAME)";
				TEST_HOST = "$(BUILT_PRODUCTS_DIR)/WTTipsHUD.app/WTTipsHUD";
			};
			name = Release;
		};
		5D9B887C1E56955600F57F84 /* Debug */ = {
			isa = XCBuildConfiguration;
			buildSettings = {
				INFOPLIST_FILE = WTTipsHUDUITests/Info.plist;
				LD_RUNPATH_SEARCH_PATHS = "$(inherited) @executable_path/Frameworks @loader_path/Frameworks";
				PRODUCT_BUNDLE_IDENTIFIER = Dwt.WTTipsHUDUITests;
				PRODUCT_NAME = "$(TARGET_NAME)";
				TEST_TARGET_NAME = WTTipsHUD;
			};
			name = Debug;
		};
		5D9B887D1E56955600F57F84 /* Release */ = {
			isa = XCBuildConfiguration;
			buildSettings = {
				INFOPLIST_FILE = WTTipsHUDUITests/Info.plist;
				LD_RUNPATH_SEARCH_PATHS = "$(inherited) @executable_path/Frameworks @loader_path/Frameworks";
				PRODUCT_BUNDLE_IDENTIFIER = Dwt.WTTipsHUDUITests;
				PRODUCT_NAME = "$(TARGET_NAME)";
				TEST_TARGET_NAME = WTTipsHUD;
			};
			name = Release;
		};
/* End XCBuildConfiguration section */

/* Begin XCConfigurationList section */
		5D9B88431E56955600F57F84 /* Build configuration list for PBXProject "WTTipsHUD" */ = {
			isa = XCConfigurationList;
			buildConfigurations = (
				5D9B88731E56955600F57F84 /* Debug */,
				5D9B88741E56955600F57F84 /* Release */,
			);
			defaultConfigurationIsVisible = 0;
			defaultConfigurationName = Release;
		};
		5D9B88751E56955600F57F84 /* Build configuration list for PBXNativeTarget "WTTipsHUD" */ = {
			isa = XCConfigurationList;
			buildConfigurations = (
				5D9B88761E56955600F57F84 /* Debug */,
				5D9B88771E56955600F57F84 /* Release */,
			);
			defaultConfigurationIsVisible = 0;
			defaultConfigurationName = Release;
		};
		5D9B88781E56955600F57F84 /* Build configuration list for PBXNativeTarget "WTTipsHUDTests" */ = {
			isa = XCConfigurationList;
			buildConfigurations = (
				5D9B88791E56955600F57F84 /* Debug */,
				5D9B887A1E56955600F57F84 /* Release */,
			);
			defaultConfigurationIsVisible = 0;
			defaultConfigurationName = Release;
		};
		5D9B887B1E56955600F57F84 /* Build configuration list for PBXNativeTarget "WTTipsHUDUITests" */ = {
			isa = XCConfigurationList;
			buildConfigurations = (
				5D9B887C1E56955600F57F84 /* Debug */,
				5D9B887D1E56955600F57F84 /* Release */,
			);
			defaultConfigurationIsVisible = 0;
			defaultConfigurationName = Release;
		};
/* End XCConfigurationList section */
	};
	rootObject = 5D9B88401E56955600F57F84 /* Project object */;
}
